# This file is generated by running "yarn install" inside your project.
# Manual changes might be lost - proceed with caution!

__metadata:
  version: 8
  cacheKey: 10c0

"backend@workspace:backend":
  version: 0.0.0-use.local
  resolution: "backend@workspace:backend"
  languageName: unknown
  linkType: soft

"chrome-extension@workspace:frontend/packages/chrome-extension":
  version: 0.0.0-use.local
  resolution: "chrome-extension@workspace:frontend/packages/chrome-extension"
  languageName: unknown
  linkType: soft

"justdothething@workspace:.":
  version: 0.0.0-use.local
  resolution: "justdothething@workspace:."
  languageName: unknown
  linkType: soft

"shared@workspace:frontend/packages/shared":
  version: 0.0.0-use.local
  resolution: "shared@workspace:frontend/packages/shared"
  languageName: unknown
  linkType: soft

"website@workspace:frontend/packages/website":
  version: 0.0.0-use.local
  resolution: "website@workspace:frontend/packages/website"
  languageName: unknown
  linkType: soft
